[[package]]
category = "dev"
description = "A configurable sidebar-enabled Sphinx theme"
name = "alabaster"
optional = false
python-versions = "*"
version = "0.7.12"

[[package]]
category = "dev"
description = "Atomic file writes."
marker = "sys_platform == \"win32\""
name = "atomicwrites"
optional = false
python-versions = ">=2.7, !=3.0.*, !=3.1.*, !=3.2.*, !=3.3.*"
version = "1.3.0"

[[package]]
category = "dev"
description = "Classes Without Boilerplate"
name = "attrs"
optional = false
python-versions = ">=2.7, !=3.0.*, !=3.1.*, !=3.2.*, !=3.3.*"
version = "19.3.0"

[package.extras]
azure-pipelines = ["coverage", "hypothesis", "pympler", "pytest (>=4.3.0)", "six", "zope.interface", "pytest-azurepipelines"]
dev = ["coverage", "hypothesis", "pympler", "pytest (>=4.3.0)", "six", "zope.interface", "sphinx", "pre-commit"]
docs = ["sphinx", "zope.interface"]
tests = ["coverage", "hypothesis", "pympler", "pytest (>=4.3.0)", "six", "zope.interface"]

[[package]]
category = "dev"
description = "Internationalization utilities"
name = "babel"
optional = false
python-versions = ">=2.7, !=3.0.*, !=3.1.*, !=3.2.*, !=3.3.*"
version = "2.8.0"

[package.dependencies]
pytz = ">=2015.7"

[[package]]
category = "dev"
description = "Python package for providing Mozilla's CA Bundle."
name = "certifi"
optional = false
python-versions = "*"
version = "2019.11.28"

[[package]]
category = "dev"
description = "Universal encoding detector for Python 2 and 3"
name = "chardet"
optional = false
python-versions = "*"
version = "3.0.4"

[[package]]
category = "dev"
description = "Cross-platform colored terminal text."
marker = "sys_platform == \"win32\""
name = "colorama"
optional = false
python-versions = ">=2.7, !=3.0.*, !=3.1.*, !=3.2.*, !=3.3.*, !=3.4.*"
version = "0.4.3"

[[package]]
category = "dev"
description = "Python parser for the CommonMark Markdown spec"
name = "commonmark"
optional = false
python-versions = "*"
version = "0.9.1"

[package.extras]
test = ["flake8 (3.7.8)", "hypothesis (3.55.3)"]

[[package]]
category = "main"
description = "Decorators for Humans"
name = "decorator"
optional = false
python-versions = ">=2.6, !=3.0.*, !=3.1.*"
version = "4.4.1"

[[package]]
category = "dev"
description = "Docutils -- Python Documentation Utilities"
name = "docutils"
optional = false
python-versions = ">=2.7, !=3.0.*, !=3.1.*, !=3.2.*, !=3.3.*, !=3.4.*"
version = "0.16"

[[package]]
category = "dev"
description = "Internationalized Domain Names in Applications (IDNA)"
name = "idna"
optional = false
python-versions = ">=2.7, !=3.0.*, !=3.1.*, !=3.2.*, !=3.3.*"
version = "2.9"

[[package]]
category = "dev"
description = "Getting image size from png/jpeg/jpeg2000/gif file"
name = "imagesize"
optional = false
python-versions = ">=2.7, !=3.0.*, !=3.1.*, !=3.2.*, !=3.3.*"
version = "1.2.0"

[[package]]
category = "dev"
description = "Read metadata from Python packages"
marker = "python_version < \"3.8\""
name = "importlib-metadata"
optional = false
python-versions = "!=3.0.*,!=3.1.*,!=3.2.*,!=3.3.*,!=3.4.*,>=2.7"
version = "1.5.0"

[package.dependencies]
zipp = ">=0.5"

[package.extras]
docs = ["sphinx", "rst.linker"]
testing = ["packaging", "importlib-resources"]

[[package]]
category = "dev"
description = "A very fast and expressive template engine."
name = "jinja2"
optional = false
python-versions = ">=2.7, !=3.0.*, !=3.1.*, !=3.2.*, !=3.3.*, !=3.4.*"
version = "2.11.1"

[package.dependencies]
MarkupSafe = ">=0.23"

[package.extras]
i18n = ["Babel (>=0.8)"]

[[package]]
category = "dev"
description = "Safely add untrusted strings to HTML/XML markup."
name = "markupsafe"
optional = false
python-versions = ">=2.7,!=3.0.*,!=3.1.*,!=3.2.*,!=3.3.*"
version = "1.1.1"

[[package]]
category = "dev"
description = "More routines for operating on iterables, beyond itertools"
name = "more-itertools"
optional = false
python-versions = ">=3.5"
version = "8.2.0"

[[package]]
category = "main"
description = "Python package for creating and manipulating graphs and networks"
name = "networkx"
optional = false
python-versions = ">=3.5"
version = "2.4"

[package.dependencies]
decorator = ">=4.3.0"

[package.extras]
all = ["numpy", "scipy", "pandas", "matplotlib", "pygraphviz", "pydot", "pyyaml", "gdal", "lxml", "pytest"]
gdal = ["gdal"]
lxml = ["lxml"]
matplotlib = ["matplotlib"]
numpy = ["numpy"]
pandas = ["pandas"]
pydot = ["pydot"]
pygraphviz = ["pygraphviz"]
pytest = ["pytest"]
pyyaml = ["pyyaml"]
scipy = ["scipy"]

[[package]]
category = "main"
description = "NumPy is the fundamental package for array computing with Python."
name = "numpy"
optional = false
python-versions = ">=3.5"
version = "1.18.1"

[[package]]
category = "dev"
description = "Core utilities for Python packages"
name = "packaging"
optional = false
python-versions = ">=2.7, !=3.0.*, !=3.1.*, !=3.2.*, !=3.3.*"
version = "20.1"

[package.dependencies]
pyparsing = ">=2.0.2"
six = "*"

[[package]]
category = "main"
description = "Powerful data structures for data analysis, time series, and statistics"
name = "pandas"
optional = false
python-versions = ">=3.6.1"
version = "1.0.1"

[package.dependencies]
numpy = ">=1.13.3"
python-dateutil = ">=2.6.1"
pytz = ">=2017.2"

[package.extras]
test = ["pytest (>=4.0.2)", "pytest-xdist", "hypothesis (>=3.58)"]

[[package]]
category = "dev"
description = "plugin and hook calling mechanisms for python"
name = "pluggy"
optional = false
python-versions = ">=2.7, !=3.0.*, !=3.1.*, !=3.2.*, !=3.3.*"
version = "0.13.1"

[package.dependencies]
[package.dependencies.importlib-metadata]
python = "<3.8"
version = ">=0.12"

[package.extras]
dev = ["pre-commit", "tox"]

[[package]]
category = "dev"
description = "library with cross-python path, ini-parsing, io, code, log facilities"
name = "py"
optional = false
python-versions = ">=2.7, !=3.0.*, !=3.1.*, !=3.2.*, !=3.3.*"
version = "1.8.1"

[[package]]
category = "dev"
description = "Pygments is a syntax highlighting package written in Python."
name = "pygments"
optional = false
python-versions = ">=2.7, !=3.0.*, !=3.1.*, !=3.2.*, !=3.3.*, !=3.4.*"
version = "2.5.2"

[[package]]
category = "dev"
description = "Python parsing module"
name = "pyparsing"
optional = false
python-versions = ">=2.6, !=3.0.*, !=3.1.*, !=3.2.*"
version = "2.4.6"

[[package]]
category = "dev"
description = "pytest: simple powerful testing with Python"
name = "pytest"
optional = false
python-versions = ">=3.5"
version = "5.3.5"

[package.dependencies]
atomicwrites = ">=1.0"
attrs = ">=17.4.0"
colorama = "*"
more-itertools = ">=4.0.0"
packaging = "*"
pluggy = ">=0.12,<1.0"
py = ">=1.5.0"
wcwidth = "*"

[package.dependencies.importlib-metadata]
python = "<3.8"
version = ">=0.12"

[package.extras]
checkqa-mypy = ["mypy (v0.761)"]
testing = ["argcomplete", "hypothesis (>=3.56)", "mock", "nose", "requests", "xmlschema"]

[[package]]
category = "main"
description = "Extensions to the standard Python datetime module"
name = "python-dateutil"
optional = false
python-versions = "!=3.0.*,!=3.1.*,!=3.2.*,>=2.7"
version = "2.8.1"

[package.dependencies]
six = ">=1.5"

[[package]]
category = "main"
description = "High performance graph data structures and algorithms"
name = "python-igraph"
optional = false
python-versions = "*"
version = "0.8.0"

[package.dependencies]
texttable = ">=1.6.2"

[[package]]
category = "main"
description = "World timezone definitions, modern and historical"
name = "pytz"
optional = false
python-versions = "*"
version = "2019.3"

[[package]]
category = "dev"
description = "A docutils-compatibility bridge to CommonMark, enabling you to write CommonMark inside of Docutils & Sphinx projects."
name = "recommonmark"
optional = false
python-versions = "*"
version = "0.6.0"

[package.dependencies]
commonmark = ">=0.8.1"
docutils = ">=0.11"
sphinx = ">=1.3.1"

[[package]]
category = "dev"
description = "Python HTTP for Humans."
name = "requests"
optional = false
python-versions = ">=2.7, !=3.0.*, !=3.1.*, !=3.2.*, !=3.3.*, !=3.4.*"
version = "2.23.0"

[package.dependencies]
certifi = ">=2017.4.17"
chardet = ">=3.0.2,<4"
idna = ">=2.5,<3"
urllib3 = ">=1.21.1,<1.25.0 || >1.25.0,<1.25.1 || >1.25.1,<1.26"

[package.extras]
security = ["pyOpenSSL (>=0.14)", "cryptography (>=1.3.4)"]
socks = ["PySocks (>=1.5.6,<1.5.7 || >1.5.7)", "win-inet-pton"]

[[package]]
category = "main"
description = "SciPy: Scientific Library for Python"
name = "scipy"
optional = false
python-versions = ">=3.5"
version = "1.4.1"

[package.dependencies]
numpy = ">=1.13.3"

[[package]]
category = "main"
description = "Python 2 and 3 compatibility utilities"
name = "six"
optional = false
python-versions = ">=2.7, !=3.0.*, !=3.1.*, !=3.2.*"
version = "1.14.0"

[[package]]
category = "dev"
description = "This package provides 26 stemmers for 25 languages generated from Snowball algorithms."
name = "snowballstemmer"
optional = false
python-versions = "*"
version = "2.0.0"

[[package]]
category = "dev"
description = "Python documentation generator"
name = "sphinx"
optional = false
python-versions = ">=3.5"
version = "2.4.2"

[package.dependencies]
Jinja2 = ">=2.3"
Pygments = ">=2.0"
alabaster = ">=0.7,<0.8"
babel = ">=1.3,<2.0 || >2.0"
colorama = ">=0.3.5"
docutils = ">=0.12"
imagesize = "*"
packaging = "*"
requests = ">=2.5.0"
setuptools = "*"
snowballstemmer = ">=1.1"
sphinxcontrib-applehelp = "*"
sphinxcontrib-devhelp = "*"
sphinxcontrib-htmlhelp = "*"
sphinxcontrib-jsmath = "*"
sphinxcontrib-qthelp = "*"
sphinxcontrib-serializinghtml = "*"

[package.extras]
docs = ["sphinxcontrib-websupport"]
test = ["pytest (<5.3.3)", "pytest-cov", "html5lib", "flake8 (>=3.5.0)", "flake8-import-order", "mypy (>=0.761)", "docutils-stubs"]

[[package]]
category = "dev"
description = ""
name = "sphinxcontrib-applehelp"
optional = false
python-versions = "*"
version = "1.0.1"

[package.extras]
test = ["pytest", "flake8", "mypy"]

[[package]]
category = "dev"
description = ""
name = "sphinxcontrib-devhelp"
optional = false
python-versions = "*"
version = "1.0.1"

[package.extras]
test = ["pytest", "flake8", "mypy"]

[[package]]
category = "dev"
description = "sphinxcontrib-htmlhelp is a sphinx extension which renders HTML help files"
name = "sphinxcontrib-htmlhelp"
optional = false
python-versions = ">=3.5"
version = "1.0.3"

[package.extras]
lint = ["flake8", "mypy", "docutils-stubs"]
test = ["pytest", "html5lib"]

[[package]]
category = "dev"
description = "A sphinx extension which renders display math in HTML via JavaScript"
name = "sphinxcontrib-jsmath"
optional = false
python-versions = ">=3.5"
version = "1.0.1"

[package.extras]
test = ["pytest", "flake8", "mypy"]

[[package]]
category = "dev"
description = ""
name = "sphinxcontrib-qthelp"
optional = false
python-versions = "*"
version = "1.0.2"

[package.extras]
test = ["pytest", "flake8", "mypy"]

[[package]]
category = "dev"
description = ""
name = "sphinxcontrib-serializinghtml"
optional = false
python-versions = "*"
version = "1.1.3"

[package.extras]
test = ["pytest", "flake8", "mypy"]

[[package]]
category = "main"
description = "module for creating simple ASCII tables"
name = "texttable"
optional = false
python-versions = "*"
version = "1.6.2"

[[package]]
category = "dev"
description = "HTTP library with thread-safe connection pooling, file post, and more."
name = "urllib3"
optional = false
python-versions = ">=2.7, !=3.0.*, !=3.1.*, !=3.2.*, !=3.3.*, !=3.4.*, <4"
version = "1.25.8"

[package.extras]
brotli = ["brotlipy (>=0.6.0)"]
secure = ["pyOpenSSL (>=0.14)", "cryptography (>=1.3.4)", "idna (>=2.0.0)", "certifi", "ipaddress"]
socks = ["PySocks (>=1.5.6,<1.5.7 || >1.5.7,<2.0)"]

[[package]]
category = "dev"
description = "Measures number of Terminal column cells of wide-character codes"
name = "wcwidth"
optional = false
python-versions = "*"
version = "0.1.8"

[[package]]
category = "dev"
description = "Backport of pathlib-compatible object wrapper for zip files"
marker = "python_version < \"3.8\""
name = "zipp"
optional = false
python-versions = ">=3.6"
version = "3.0.0"

[package.extras]
docs = ["sphinx", "jaraco.packaging (>=3.2)", "rst.linker (>=1.9)"]
testing = ["jaraco.itertools", "func-timeout"]

[metadata]
content-hash = "d6939d71235714020c74710c153c0ee84c5f9781086dc197e08f9c09756c1a87"
python-versions = "^3.7"

[metadata.files]
alabaster = [
    {file = "alabaster-0.7.12-py2.py3-none-any.whl", hash = "sha256:446438bdcca0e05bd45ea2de1668c1d9b032e1a9154c2c259092d77031ddd359"},
    {file = "alabaster-0.7.12.tar.gz", hash = "sha256:a661d72d58e6ea8a57f7a86e37d86716863ee5e92788398526d58b26a4e4dc02"},
]
atomicwrites = [
    {file = "atomicwrites-1.3.0-py2.py3-none-any.whl", hash = "sha256:03472c30eb2c5d1ba9227e4c2ca66ab8287fbfbbda3888aa93dc2e28fc6811b4"},
    {file = "atomicwrites-1.3.0.tar.gz", hash = "sha256:75a9445bac02d8d058d5e1fe689654ba5a6556a1dfd8ce6ec55a0ed79866cfa6"},
]
attrs = [
    {file = "attrs-19.3.0-py2.py3-none-any.whl", hash = "sha256:08a96c641c3a74e44eb59afb61a24f2cb9f4d7188748e76ba4bb5edfa3cb7d1c"},
    {file = "attrs-19.3.0.tar.gz", hash = "sha256:f7b7ce16570fe9965acd6d30101a28f62fb4a7f9e926b3bbc9b61f8b04247e72"},
]
babel = [
    {file = "Babel-2.8.0-py2.py3-none-any.whl", hash = "sha256:d670ea0b10f8b723672d3a6abeb87b565b244da220d76b4dba1b66269ec152d4"},
    {file = "Babel-2.8.0.tar.gz", hash = "sha256:1aac2ae2d0d8ea368fa90906567f5c08463d98ade155c0c4bfedd6a0f7160e38"},
]
certifi = [
    {file = "certifi-2019.11.28-py2.py3-none-any.whl", hash = "sha256:017c25db2a153ce562900032d5bc68e9f191e44e9a0f762f373977de9df1fbb3"},
    {file = "certifi-2019.11.28.tar.gz", hash = "sha256:25b64c7da4cd7479594d035c08c2d809eb4aab3a26e5a990ea98cc450c320f1f"},
]
chardet = [
    {file = "chardet-3.0.4-py2.py3-none-any.whl", hash = "sha256:fc323ffcaeaed0e0a02bf4d117757b98aed530d9ed4531e3e15460124c106691"},
    {file = "chardet-3.0.4.tar.gz", hash = "sha256:84ab92ed1c4d4f16916e05906b6b75a6c0fb5db821cc65e70cbd64a3e2a5eaae"},
]
colorama = [
    {file = "colorama-0.4.3-py2.py3-none-any.whl", hash = "sha256:7d73d2a99753107a36ac6b455ee49046802e59d9d076ef8e47b61499fa29afff"},
    {file = "colorama-0.4.3.tar.gz", hash = "sha256:e96da0d330793e2cb9485e9ddfd918d456036c7149416295932478192f4436a1"},
]
commonmark = [
    {file = "commonmark-0.9.1-py2.py3-none-any.whl", hash = "sha256:da2f38c92590f83de410ba1a3cbceafbc74fee9def35f9251ba9a971d6d66fd9"},
    {file = "commonmark-0.9.1.tar.gz", hash = "sha256:452f9dc859be7f06631ddcb328b6919c67984aca654e5fefb3914d54691aed60"},
]
decorator = [
    {file = "decorator-4.4.1-py2.py3-none-any.whl", hash = "sha256:5d19b92a3c8f7f101c8dd86afd86b0f061a8ce4540ab8cd401fa2542756bce6d"},
    {file = "decorator-4.4.1.tar.gz", hash = "sha256:54c38050039232e1db4ad7375cfce6748d7b41c29e95a081c8a6d2c30364a2ce"},
]
docutils = [
    {file = "docutils-0.16-py2.py3-none-any.whl", hash = "sha256:0c5b78adfbf7762415433f5515cd5c9e762339e23369dbe8000d84a4bf4ab3af"},
    {file = "docutils-0.16.tar.gz", hash = "sha256:c2de3a60e9e7d07be26b7f2b00ca0309c207e06c100f9cc2a94931fc75a478fc"},
]
idna = [
    {file = "idna-2.9-py2.py3-none-any.whl", hash = "sha256:a068a21ceac8a4d63dbfd964670474107f541babbd2250d61922f029858365fa"},
    {file = "idna-2.9.tar.gz", hash = "sha256:7588d1c14ae4c77d74036e8c22ff447b26d0fde8f007354fd48a7814db15b7cb"},
]
imagesize = [
    {file = "imagesize-1.2.0-py2.py3-none-any.whl", hash = "sha256:6965f19a6a2039c7d48bca7dba2473069ff854c36ae6f19d2cde309d998228a1"},
    {file = "imagesize-1.2.0.tar.gz", hash = "sha256:b1f6b5a4eab1f73479a50fb79fcf729514a900c341d8503d62a62dbc4127a2b1"},
]
importlib-metadata = [
    {file = "importlib_metadata-1.5.0-py2.py3-none-any.whl", hash = "sha256:b97607a1a18a5100839aec1dc26a1ea17ee0d93b20b0f008d80a5a050afb200b"},
    {file = "importlib_metadata-1.5.0.tar.gz", hash = "sha256:06f5b3a99029c7134207dd882428a66992a9de2bef7c2b699b5641f9886c3302"},
]
jinja2 = [
    {file = "Jinja2-2.11.1-py2.py3-none-any.whl", hash = "sha256:b0eaf100007721b5c16c1fc1eecb87409464edc10469ddc9a22a27a99123be49"},
    {file = "Jinja2-2.11.1.tar.gz", hash = "sha256:93187ffbc7808079673ef52771baa950426fd664d3aad1d0fa3e95644360e250"},
]
markupsafe = [
    {file = "MarkupSafe-1.1.1-cp27-cp27m-macosx_10_6_intel.whl", hash = "sha256:09027a7803a62ca78792ad89403b1b7a73a01c8cb65909cd876f7fcebd79b161"},
    {file = "MarkupSafe-1.1.1-cp27-cp27m-manylinux1_i686.whl", hash = "sha256:e249096428b3ae81b08327a63a485ad0878de3fb939049038579ac0ef61e17e7"},
    {file = "MarkupSafe-1.1.1-cp27-cp27m-manylinux1_x86_64.whl", hash = "sha256:500d4957e52ddc3351cabf489e79c91c17f6e0899158447047588650b5e69183"},
    {file = "MarkupSafe-1.1.1-cp27-cp27m-win32.whl", hash = "sha256:b2051432115498d3562c084a49bba65d97cf251f5a331c64a12ee7e04dacc51b"},
    {file = "MarkupSafe-1.1.1-cp27-cp27m-win_amd64.whl", hash = "sha256:98c7086708b163d425c67c7a91bad6e466bb99d797aa64f965e9d25c12111a5e"},
    {file = "MarkupSafe-1.1.1-cp27-cp27mu-manylinux1_i686.whl", hash = "sha256:cd5df75523866410809ca100dc9681e301e3c27567cf498077e8551b6d20e42f"},
    {file = "MarkupSafe-1.1.1-cp27-cp27mu-manylinux1_x86_64.whl", hash = "sha256:43a55c2930bbc139570ac2452adf3d70cdbb3cfe5912c71cdce1c2c6bbd9c5d1"},
    {file = "MarkupSafe-1.1.1-cp34-cp34m-macosx_10_6_intel.whl", hash = "sha256:1027c282dad077d0bae18be6794e6b6b8c91d58ed8a8d89a89d59693b9131db5"},
    {file = "MarkupSafe-1.1.1-cp34-cp34m-manylinux1_i686.whl", hash = "sha256:62fe6c95e3ec8a7fad637b7f3d372c15ec1caa01ab47926cfdf7a75b40e0eac1"},
    {file = "MarkupSafe-1.1.1-cp34-cp34m-manylinux1_x86_64.whl", hash = "sha256:88e5fcfb52ee7b911e8bb6d6aa2fd21fbecc674eadd44118a9cc3863f938e735"},
    {file = "MarkupSafe-1.1.1-cp34-cp34m-win32.whl", hash = "sha256:ade5e387d2ad0d7ebf59146cc00c8044acbd863725f887353a10df825fc8ae21"},
    {file = "MarkupSafe-1.1.1-cp34-cp34m-win_amd64.whl", hash = "sha256:09c4b7f37d6c648cb13f9230d847adf22f8171b1ccc4d5682398e77f40309235"},
    {file = "MarkupSafe-1.1.1-cp35-cp35m-macosx_10_6_intel.whl", hash = "sha256:79855e1c5b8da654cf486b830bd42c06e8780cea587384cf6545b7d9ac013a0b"},
    {file = "MarkupSafe-1.1.1-cp35-cp35m-manylinux1_i686.whl", hash = "sha256:c8716a48d94b06bb3b2524c2b77e055fb313aeb4ea620c8dd03a105574ba704f"},
    {file = "MarkupSafe-1.1.1-cp35-cp35m-manylinux1_x86_64.whl", hash = "sha256:7c1699dfe0cf8ff607dbdcc1e9b9af1755371f92a68f706051cc8c37d447c905"},
    {file = "MarkupSafe-1.1.1-cp35-cp35m-win32.whl", hash = "sha256:6dd73240d2af64df90aa7c4e7481e23825ea70af4b4922f8ede5b9e35f78a3b1"},
    {file = "MarkupSafe-1.1.1-cp35-cp35m-win_amd64.whl", hash = "sha256:9add70b36c5666a2ed02b43b335fe19002ee5235efd4b8a89bfcf9005bebac0d"},
    {file = "MarkupSafe-1.1.1-cp36-cp36m-macosx_10_6_intel.whl", hash = "sha256:24982cc2533820871eba85ba648cd53d8623687ff11cbb805be4ff7b4c971aff"},
    {file = "MarkupSafe-1.1.1-cp36-cp36m-manylinux1_i686.whl", hash = "sha256:00bc623926325b26bb9605ae9eae8a215691f33cae5df11ca5424f06f2d1f473"},
    {file = "MarkupSafe-1.1.1-cp36-cp36m-manylinux1_x86_64.whl", hash = "sha256:717ba8fe3ae9cc0006d7c451f0bb265ee07739daf76355d06366154ee68d221e"},
    {file = "MarkupSafe-1.1.1-cp36-cp36m-win32.whl", hash = "sha256:535f6fc4d397c1563d08b88e485c3496cf5784e927af890fb3c3aac7f933ec66"},
    {file = "MarkupSafe-1.1.1-cp36-cp36m-win_amd64.whl", hash = "sha256:b1282f8c00509d99fef04d8ba936b156d419be841854fe901d8ae224c59f0be5"},
    {file = "MarkupSafe-1.1.1-cp37-cp37m-macosx_10_6_intel.whl", hash = "sha256:8defac2f2ccd6805ebf65f5eeb132adcf2ab57aa11fdf4c0dd5169a004710e7d"},
    {file = "MarkupSafe-1.1.1-cp37-cp37m-manylinux1_i686.whl", hash = "sha256:46c99d2de99945ec5cb54f23c8cd5689f6d7177305ebff350a58ce5f8de1669e"},
    {file = "MarkupSafe-1.1.1-cp37-cp37m-manylinux1_x86_64.whl", hash = "sha256:ba59edeaa2fc6114428f1637ffff42da1e311e29382d81b339c1817d37ec93c6"},
    {file = "MarkupSafe-1.1.1-cp37-cp37m-win32.whl", hash = "sha256:b00c1de48212e4cc9603895652c5c410df699856a2853135b3967591e4beebc2"},
    {file = "MarkupSafe-1.1.1-cp37-cp37m-win_amd64.whl", hash = "sha256:9bf40443012702a1d2070043cb6291650a0841ece432556f784f004937f0f32c"},
    {file = "MarkupSafe-1.1.1-cp38-cp38-macosx_10_9_x86_64.whl", hash = "sha256:6788b695d50a51edb699cb55e35487e430fa21f1ed838122d722e0ff0ac5ba15"},
    {file = "MarkupSafe-1.1.1-cp38-cp38-manylinux1_i686.whl", hash = "sha256:cdb132fc825c38e1aeec2c8aa9338310d29d337bebbd7baa06889d09a60a1fa2"},
    {file = "MarkupSafe-1.1.1-cp38-cp38-manylinux1_x86_64.whl", hash = "sha256:13d3144e1e340870b25e7b10b98d779608c02016d5184cfb9927a9f10c689f42"},
    {file = "MarkupSafe-1.1.1-cp38-cp38-win32.whl", hash = "sha256:596510de112c685489095da617b5bcbbac7dd6384aeebeda4df6025d0256a81b"},
    {file = "MarkupSafe-1.1.1-cp38-cp38-win_amd64.whl", hash = "sha256:e8313f01ba26fbbe36c7be1966a7b7424942f670f38e666995b88d012765b9be"},
    {file = "MarkupSafe-1.1.1.tar.gz", hash = "sha256:29872e92839765e546828bb7754a68c418d927cd064fd4708fab9fe9c8bb116b"},
]
more-itertools = [
    {file = "more-itertools-8.2.0.tar.gz", hash = "sha256:b1ddb932186d8a6ac451e1d95844b382f55e12686d51ca0c68b6f61f2ab7a507"},
    {file = "more_itertools-8.2.0-py3-none-any.whl", hash = "sha256:5dd8bcf33e5f9513ffa06d5ad33d78f31e1931ac9a18f33d37e77a180d393a7c"},
]
networkx = [
    {file = "networkx-2.4-py3-none-any.whl", hash = "sha256:cdfbf698749a5014bf2ed9db4a07a5295df1d3a53bf80bf3cbd61edf9df05fa1"},
    {file = "networkx-2.4.tar.gz", hash = "sha256:f8f4ff0b6f96e4f9b16af6b84622597b5334bf9cae8cf9b2e42e7985d5c95c64"},
]
numpy = [
    {file = "numpy-1.18.1-cp35-cp35m-macosx_10_6_intel.whl", hash = "sha256:20b26aaa5b3da029942cdcce719b363dbe58696ad182aff0e5dcb1687ec946dc"},
    {file = "numpy-1.18.1-cp35-cp35m-manylinux1_i686.whl", hash = "sha256:70a840a26f4e61defa7bdf811d7498a284ced303dfbc35acb7be12a39b2aa121"},
    {file = "numpy-1.18.1-cp35-cp35m-manylinux1_x86_64.whl", hash = "sha256:17aa7a81fe7599a10f2b7d95856dc5cf84a4eefa45bc96123cbbc3ebc568994e"},
    {file = "numpy-1.18.1-cp35-cp35m-win32.whl", hash = "sha256:f3d0a94ad151870978fb93538e95411c83899c9dc63e6fb65542f769568ecfa5"},
    {file = "numpy-1.18.1-cp35-cp35m-win_amd64.whl", hash = "sha256:1786a08236f2c92ae0e70423c45e1e62788ed33028f94ca99c4df03f5be6b3c6"},
    {file = "numpy-1.18.1-cp36-cp36m-macosx_10_9_x86_64.whl", hash = "sha256:ae0975f42ab1f28364dcda3dde3cf6c1ddab3e1d4b2909da0cb0191fa9ca0480"},
    {file = "numpy-1.18.1-cp36-cp36m-manylinux1_i686.whl", hash = "sha256:cf7eb6b1025d3e169989416b1adcd676624c2dbed9e3bcb7137f51bfc8cc2572"},
    {file = "numpy-1.18.1-cp36-cp36m-manylinux1_x86_64.whl", hash = "sha256:b765ed3930b92812aa698a455847141869ef755a87e099fddd4ccf9d81fffb57"},
    {file = "numpy-1.18.1-cp36-cp36m-win32.whl", hash = "sha256:2d75908ab3ced4223ccba595b48e538afa5ecc37405923d1fea6906d7c3a50bc"},
    {file = "numpy-1.18.1-cp36-cp36m-win_amd64.whl", hash = "sha256:9acdf933c1fd263c513a2df3dceecea6f3ff4419d80bf238510976bf9bcb26cd"},
    {file = "numpy-1.18.1-cp37-cp37m-macosx_10_9_x86_64.whl", hash = "sha256:56bc8ded6fcd9adea90f65377438f9fea8c05fcf7c5ba766bef258d0da1554aa"},
    {file = "numpy-1.18.1-cp37-cp37m-manylinux1_i686.whl", hash = "sha256:e422c3152921cece8b6a2fb6b0b4d73b6579bd20ae075e7d15143e711f3ca2ca"},
    {file = "numpy-1.18.1-cp37-cp37m-manylinux1_x86_64.whl", hash = "sha256:b3af02ecc999c8003e538e60c89a2b37646b39b688d4e44d7373e11c2debabec"},
    {file = "numpy-1.18.1-cp37-cp37m-win32.whl", hash = "sha256:d92350c22b150c1cae7ebb0ee8b5670cc84848f6359cf6b5d8f86617098a9b73"},
    {file = "numpy-1.18.1-cp37-cp37m-win_amd64.whl", hash = "sha256:77c3bfe65d8560487052ad55c6998a04b654c2fbc36d546aef2b2e511e760971"},
    {file = "numpy-1.18.1-cp38-cp38-macosx_10_9_x86_64.whl", hash = "sha256:c98c5ffd7d41611407a1103ae11c8b634ad6a43606eca3e2a5a269e5d6e8eb07"},
    {file = "numpy-1.18.1-cp38-cp38-manylinux1_i686.whl", hash = "sha256:9537eecf179f566fd1c160a2e912ca0b8e02d773af0a7a1120ad4f7507cd0d26"},
    {file = "numpy-1.18.1-cp38-cp38-manylinux1_x86_64.whl", hash = "sha256:e840f552a509e3380b0f0ec977e8124d0dc34dc0e68289ca28f4d7c1d0d79474"},
    {file = "numpy-1.18.1-cp38-cp38-win32.whl", hash = "sha256:590355aeade1a2eaba17617c19edccb7db8d78760175256e3cf94590a1a964f3"},
    {file = "numpy-1.18.1-cp38-cp38-win_amd64.whl", hash = "sha256:39d2c685af15d3ce682c99ce5925cc66efc824652e10990d2462dfe9b8918c6a"},
    {file = "numpy-1.18.1.zip", hash = "sha256:b6ff59cee96b454516e47e7721098e6ceebef435e3e21ac2d6c3b8b02628eb77"},
]
packaging = [
    {file = "packaging-20.1-py2.py3-none-any.whl", hash = "sha256:170748228214b70b672c581a3dd610ee51f733018650740e98c7df862a583f73"},
    {file = "packaging-20.1.tar.gz", hash = "sha256:e665345f9eef0c621aa0bf2f8d78cf6d21904eef16a93f020240b704a57f1334"},
]
pandas = [
    {file = "pandas-1.0.1-cp36-cp36m-macosx_10_9_x86_64.whl", hash = "sha256:74a470d349d52b9d00a2ba192ae1ee22155bb0a300fd1ccb2961006c3fa98ed3"},
    {file = "pandas-1.0.1-cp36-cp36m-manylinux1_i686.whl", hash = "sha256:e2140e1bbf9c46db9936ee70f4be6584d15ff8dc3dfff1da022d71227d53bad3"},
    {file = "pandas-1.0.1-cp36-cp36m-manylinux1_x86_64.whl", hash = "sha256:d10e83866b48c0cdb83281f786564e2a2b51a7ae7b8a950c3442ad3c9e36b48c"},
    {file = "pandas-1.0.1-cp36-cp36m-win32.whl", hash = "sha256:303827f0bb40ff610fbada5b12d50014811efcc37aaf6ef03202dc3054bfdda1"},
    {file = "pandas-1.0.1-cp36-cp36m-win_amd64.whl", hash = "sha256:6f38969e2325056f9959efbe06c27aa2e94dd35382265ad0703681d993036052"},
    {file = "pandas-1.0.1-cp37-cp37m-macosx_10_9_x86_64.whl", hash = "sha256:2530aea4fe46e8df7829c3f05e0a0f821c893885d53cb8ac9b89cc67c143448c"},
    {file = "pandas-1.0.1-cp37-cp37m-manylinux1_x86_64.whl", hash = "sha256:3b019e3ea9f5d0cfee0efabae2cfd3976874e90bcc3e97b29600e5a9b345ae3d"},
    {file = "pandas-1.0.1-cp37-cp37m-win32.whl", hash = "sha256:23e177d43e4bf68950b0f8788b6a2fef2f478f4ec94883acb627b9264522a98a"},
    {file = "pandas-1.0.1-cp37-cp37m-win_amd64.whl", hash = "sha256:a9fbe41663416bb70ed05f4e16c5f377519c0dc292ba9aa45f5356e37df03a38"},
    {file = "pandas-1.0.1-cp38-cp38-macosx_10_9_x86_64.whl", hash = "sha256:7f9a509f6f11fa8b9313002ebdf6f690a7aa1dd91efd95d90185371a0d68220e"},
    {file = "pandas-1.0.1-cp38-cp38-manylinux1_x86_64.whl", hash = "sha256:942b5d04762feb0e55b2ad97ce2b254a0ffdd344b56493b04a627266e24f2d82"},
    {file = "pandas-1.0.1-cp38-cp38-win32.whl", hash = "sha256:7d77034e402165b947f43050a8a415aa3205abfed38d127ea66e57a2b7b5a9e0"},
    {file = "pandas-1.0.1-cp38-cp38-win_amd64.whl", hash = "sha256:5036d4009012a44aa3e50173e482b664c1fae36decd277c49e453463798eca4e"},
    {file = "pandas-1.0.1.tar.gz", hash = "sha256:3c07765308f091d81b6735d4f2242bb43c332cc3461cae60543df6b10967fe27"},
]
pluggy = [
    {file = "pluggy-0.13.1-py2.py3-none-any.whl", hash = "sha256:966c145cd83c96502c3c3868f50408687b38434af77734af1e9ca461a4081d2d"},
    {file = "pluggy-0.13.1.tar.gz", hash = "sha256:15b2acde666561e1298d71b523007ed7364de07029219b604cf808bfa1c765b0"},
]
py = [
    {file = "py-1.8.1-py2.py3-none-any.whl", hash = "sha256:c20fdd83a5dbc0af9efd622bee9a5564e278f6380fffcacc43ba6f43db2813b0"},
    {file = "py-1.8.1.tar.gz", hash = "sha256:5e27081401262157467ad6e7f851b7aa402c5852dbcb3dae06768434de5752aa"},
]
pygments = [
    {file = "Pygments-2.5.2-py2.py3-none-any.whl", hash = "sha256:2a3fe295e54a20164a9df49c75fa58526d3be48e14aceba6d6b1e8ac0bfd6f1b"},
    {file = "Pygments-2.5.2.tar.gz", hash = "sha256:98c8aa5a9f778fcd1026a17361ddaf7330d1b7c62ae97c3bb0ae73e0b9b6b0fe"},
]
pyparsing = [
    {file = "pyparsing-2.4.6-py2.py3-none-any.whl", hash = "sha256:c342dccb5250c08d45fd6f8b4a559613ca603b57498511740e65cd11a2e7dcec"},
    {file = "pyparsing-2.4.6.tar.gz", hash = "sha256:4c830582a84fb022400b85429791bc551f1f4871c33f23e44f353119e92f969f"},
]
pytest = [
    {file = "pytest-5.3.5-py3-none-any.whl", hash = "sha256:ff615c761e25eb25df19edddc0b970302d2a9091fbce0e7213298d85fb61fef6"},
    {file = "pytest-5.3.5.tar.gz", hash = "sha256:0d5fe9189a148acc3c3eb2ac8e1ac0742cb7618c084f3d228baaec0c254b318d"},
]
python-dateutil = [
    {file = "python-dateutil-2.8.1.tar.gz", hash = "sha256:73ebfe9dbf22e832286dafa60473e4cd239f8592f699aa5adaf10050e6e1823c"},
    {file = "python_dateutil-2.8.1-py2.py3-none-any.whl", hash = "sha256:75bb3f31ea686f1197762692a9ee6a7550b59fc6ca3a1f4b5d7e32fb98e2da2a"},
]
python-igraph = [
    {file = "python-igraph-0.8.0.tar.gz", hash = "sha256:47e6bb48ec7dbfddbd89cf064a24b271783a1490fc688ebce17fbd652bcdab8e"},
    {file = "python_igraph-0.8.0-cp27-cp27m-macosx_10_6_intel.whl", hash = "sha256:609631473bac3d95fe7fabd24a9ac1d73d61aada145eede031d5008544bdc29d"},
    {file = "python_igraph-0.8.0-cp27-cp27m-manylinux2010_i686.whl", hash = "sha256:51d7c78bbdce4d54b3ee59d424787d2b9a8a95f75f7f75d97c48c11611032731"},
    {file = "python_igraph-0.8.0-cp27-cp27m-manylinux2010_x86_64.whl", hash = "sha256:939025bd0f2c58747f16c57d8a8a808f66723f2c8ca27a2eb0f9a058fed4f485"},
    {file = "python_igraph-0.8.0-cp27-cp27m-win_amd64.whl", hash = "sha256:ab0d07f0111c5a8e06f039e7d2ca50fc35f9ed7405fd68789211c9068d638805"},
    {file = "python_igraph-0.8.0-cp27-cp27mu-manylinux2010_i686.whl", hash = "sha256:4791c2d7921d465b8e975907d25559d9a8f7ca0b30f4cc791dfa644ed9b4f80d"},
    {file = "python_igraph-0.8.0-cp27-cp27mu-manylinux2010_x86_64.whl", hash = "sha256:6a6e7fc7a88dcfce239079f501b6aabea8a477e406124abfaed4b314431e6016"},
    {file = "python_igraph-0.8.0-cp35-cp35m-macosx_10_6_intel.whl", hash = "sha256:d56d6693a69ad9e076ae4b76fc2ed565d9d75f5b56c2341061aa0ffff783a53f"},
    {file = "python_igraph-0.8.0-cp35-cp35m-manylinux2010_i686.whl", hash = "sha256:500808878bcfafd79fa4107a18cf8fd70e710dd1062ec6c21019be2c6d00ba9f"},
    {file = "python_igraph-0.8.0-cp35-cp35m-manylinux2010_x86_64.whl", hash = "sha256:27b0f259d1377bb9f0ccf831d52fcaba395d031b7d9eaa624152edf718095c96"},
    {file = "python_igraph-0.8.0-cp35-cp35m-win32.whl", hash = "sha256:8acf8dd0f6dfb3babe76811fb7d7e718aadd2145f6a1c5c532e42465ee4b863a"},
    {file = "python_igraph-0.8.0-cp35-cp35m-win_amd64.whl", hash = "sha256:83886808c18606e3b137b649cf816e6aa549997a598d18aa0594422ca22500af"},
    {file = "python_igraph-0.8.0-cp36-cp36m-macosx_10_6_intel.whl", hash = "sha256:6ab21e23f7cab9f56639ab40853ba0db7e642c960c79f9afaacd580a869e2b6d"},
    {file = "python_igraph-0.8.0-cp36-cp36m-manylinux2010_i686.whl", hash = "sha256:b7e6c68dad73fe77c7f69f880b53e938f90b313eaeed73883025abe8ff8dce1b"},
    {file = "python_igraph-0.8.0-cp36-cp36m-manylinux2010_x86_64.whl", hash = "sha256:4041c960a0e78582ba1cddbf2ed3262948cd8b7f48717c577e35485cc5417101"},
    {file = "python_igraph-0.8.0-cp36-cp36m-win32.whl", hash = "sha256:56be80354f60e3a5e5852321f9f6981eabcdcda7e2663bf557467f34edaf83e4"},
    {file = "python_igraph-0.8.0-cp36-cp36m-win_amd64.whl", hash = "sha256:ba46085d4d20038148d84da48b64045ada5d099523976c02a014460f2de37158"},
    {file = "python_igraph-0.8.0-cp37-cp37m-macosx_10_6_intel.whl", hash = "sha256:c5eeab39d21f316218c9e9b76a5f0b9491fae842729478c43cbd3f20531b9cd2"},
    {file = "python_igraph-0.8.0-cp37-cp37m-manylinux2010_i686.whl", hash = "sha256:14a56648e44c175486270d25953122ba093717c2ad18aef14a1fa16b4ec4d354"},
    {file = "python_igraph-0.8.0-cp37-cp37m-manylinux2010_x86_64.whl", hash = "sha256:7a0babdf82609a0eb3d49da36415ec89ca64d798a62f30869a057f9de71b85ec"},
    {file = "python_igraph-0.8.0-cp37-cp37m-win32.whl", hash = "sha256:aa3b7659e0b849362c6c70389086ce8ad18f43eb81586bef6e183301651ee479"},
    {file = "python_igraph-0.8.0-cp37-cp37m-win_amd64.whl", hash = "sha256:beab38490ad5fe8811f50c355071c12d9d837dd2dcf76f0e7b7dff805619af9f"},
    {file = "python_igraph-0.8.0-cp38-cp38-macosx_10_9_x86_64.whl", hash = "sha256:48e9bd38626fd7b3ea502e526281167ba261231c1336062cdaa5f7f070e85082"},
    {file = "python_igraph-0.8.0-cp38-cp38-manylinux2010_i686.whl", hash = "sha256:aa148f9eab211fc1dd49e6b191341447706c2ace68327b8bb4e4f21ed4a1a159"},
    {file = "python_igraph-0.8.0-cp38-cp38-manylinux2010_x86_64.whl", hash = "sha256:c2ab4bedc2a847812811c08071bc6dcd509024560a15674b76458c9c719217ee"},
    {file = "python_igraph-0.8.0-cp38-cp38-win32.whl", hash = "sha256:7e079bd4b90dab028dfeac7ae20fe092b7d6c5786214284858dbe068831cbf52"},
    {file = "python_igraph-0.8.0-cp38-cp38-win_amd64.whl", hash = "sha256:9e1dffc2b4d73b5e660f9b77dd5d9b72aaae7e92e34bd8fcc5e2af1cebecbce3"},
]
pytz = [
    {file = "pytz-2019.3-py2.py3-none-any.whl", hash = "sha256:1c557d7d0e871de1f5ccd5833f60fb2550652da6be2693c1e02300743d21500d"},
    {file = "pytz-2019.3.tar.gz", hash = "sha256:b02c06db6cf09c12dd25137e563b31700d3b80fcc4ad23abb7a315f2789819be"},
]
recommonmark = [
    {file = "recommonmark-0.6.0-py2.py3-none-any.whl", hash = "sha256:2ec4207a574289355d5b6ae4ae4abb29043346ca12cdd5f07d374dc5987d2852"},
    {file = "recommonmark-0.6.0.tar.gz", hash = "sha256:29cd4faeb6c5268c633634f2d69aef9431e0f4d347f90659fd0aab20e541efeb"},
]
requests = [
    {file = "requests-2.23.0-py2.py3-none-any.whl", hash = "sha256:43999036bfa82904b6af1d99e4882b560e5e2c68e5c4b0aa03b655f3d7d73fee"},
    {file = "requests-2.23.0.tar.gz", hash = "sha256:b3f43d496c6daba4493e7c431722aeb7dbc6288f52a6e04e7b6023b0247817e6"},
]
scipy = [
    {file = "scipy-1.4.1-cp35-cp35m-macosx_10_6_intel.whl", hash = "sha256:c5cac0c0387272ee0e789e94a570ac51deb01c796b37fb2aad1fb13f85e2f97d"},
    {file = "scipy-1.4.1-cp35-cp35m-manylinux1_i686.whl", hash = "sha256:a144811318853a23d32a07bc7fd5561ff0cac5da643d96ed94a4ffe967d89672"},
    {file = "scipy-1.4.1-cp35-cp35m-manylinux1_x86_64.whl", hash = "sha256:71eb180f22c49066f25d6df16f8709f215723317cc951d99e54dc88020ea57be"},
    {file = "scipy-1.4.1-cp35-cp35m-win32.whl", hash = "sha256:770254a280d741dd3436919d47e35712fb081a6ff8bafc0f319382b954b77802"},
    {file = "scipy-1.4.1-cp35-cp35m-win_amd64.whl", hash = "sha256:a1aae70d52d0b074d8121333bc807a485f9f1e6a69742010b33780df2e60cfe0"},
    {file = "scipy-1.4.1-cp36-cp36m-macosx_10_6_intel.whl", hash = "sha256:bb517872058a1f087c4528e7429b4a44533a902644987e7b2fe35ecc223bc408"},
    {file = "scipy-1.4.1-cp36-cp36m-manylinux1_i686.whl", hash = "sha256:dba8306f6da99e37ea08c08fef6e274b5bf8567bb094d1dbe86a20e532aca088"},
    {file = "scipy-1.4.1-cp36-cp36m-manylinux1_x86_64.whl", hash = "sha256:386086e2972ed2db17cebf88610aab7d7f6e2c0ca30042dc9a89cf18dcc363fa"},
    {file = "scipy-1.4.1-cp36-cp36m-win32.whl", hash = "sha256:8d3bc3993b8e4be7eade6dcc6fd59a412d96d3a33fa42b0fa45dc9e24495ede9"},
    {file = "scipy-1.4.1-cp36-cp36m-win_amd64.whl", hash = "sha256:dc60bb302f48acf6da8ca4444cfa17d52c63c5415302a9ee77b3b21618090521"},
    {file = "scipy-1.4.1-cp37-cp37m-macosx_10_6_intel.whl", hash = "sha256:787cc50cab3020a865640aba3485e9fbd161d4d3b0d03a967df1a2881320512d"},
    {file = "scipy-1.4.1-cp37-cp37m-manylinux1_i686.whl", hash = "sha256:0902a620a381f101e184a958459b36d3ee50f5effd186db76e131cbefcbb96f7"},
    {file = "scipy-1.4.1-cp37-cp37m-manylinux1_x86_64.whl", hash = "sha256:00af72998a46c25bdb5824d2b729e7dabec0c765f9deb0b504f928591f5ff9d4"},
    {file = "scipy-1.4.1-cp37-cp37m-win32.whl", hash = "sha256:9508a7c628a165c2c835f2497837bf6ac80eb25291055f56c129df3c943cbaf8"},
    {file = "scipy-1.4.1-cp37-cp37m-win_amd64.whl", hash = "sha256:a2d6df9eb074af7f08866598e4ef068a2b310d98f87dc23bd1b90ec7bdcec802"},
    {file = "scipy-1.4.1-cp38-cp38-macosx_10_9_x86_64.whl", hash = "sha256:3092857f36b690a321a662fe5496cb816a7f4eecd875e1d36793d92d3f884073"},
    {file = "scipy-1.4.1-cp38-cp38-manylinux1_i686.whl", hash = "sha256:8a07760d5c7f3a92e440ad3aedcc98891e915ce857664282ae3c0220f3301eb6"},
    {file = "scipy-1.4.1-cp38-cp38-manylinux1_x86_64.whl", hash = "sha256:1e3190466d669d658233e8a583b854f6386dd62d655539b77b3fa25bfb2abb70"},
    {file = "scipy-1.4.1-cp38-cp38-win32.whl", hash = "sha256:cc971a82ea1170e677443108703a2ec9ff0f70752258d0e9f5433d00dda01f59"},
    {file = "scipy-1.4.1-cp38-cp38-win_amd64.whl", hash = "sha256:2cce3f9847a1a51019e8c5b47620da93950e58ebc611f13e0d11f4980ca5fecb"},
    {file = "scipy-1.4.1.tar.gz", hash = "sha256:dee1bbf3a6c8f73b6b218cb28eed8dd13347ea2f87d572ce19b289d6fd3fbc59"},
]
six = [
    {file = "six-1.14.0-py2.py3-none-any.whl", hash = "sha256:8f3cd2e254d8f793e7f3d6d9df77b92252b52637291d0f0da013c76ea2724b6c"},
    {file = "six-1.14.0.tar.gz", hash = "sha256:236bdbdce46e6e6a3d61a337c0f8b763ca1e8717c03b369e87a7ec7ce1319c0a"},
]
snowballstemmer = [
    {file = "snowballstemmer-2.0.0-py2.py3-none-any.whl", hash = "sha256:209f257d7533fdb3cb73bdbd24f436239ca3b2fa67d56f6ff88e86be08cc5ef0"},
    {file = "snowballstemmer-2.0.0.tar.gz", hash = "sha256:df3bac3df4c2c01363f3dd2cfa78cce2840a79b9f1c2d2de9ce8d31683992f52"},
]
sphinx = [
    {file = "Sphinx-2.4.2-py3-none-any.whl", hash = "sha256:543d39db5f82d83a5c1aa0c10c88f2b6cff2da3e711aa849b2c627b4b403bbd9"},
    {file = "Sphinx-2.4.2.tar.gz", hash = "sha256:525527074f2e0c2585f68f73c99b4dc257c34bbe308b27f5f8c7a6e20642742f"},
]
sphinxcontrib-applehelp = [
    {file = "sphinxcontrib-applehelp-1.0.1.tar.gz", hash = "sha256:edaa0ab2b2bc74403149cb0209d6775c96de797dfd5b5e2a71981309efab3897"},
    {file = "sphinxcontrib_applehelp-1.0.1-py2.py3-none-any.whl", hash = "sha256:fb8dee85af95e5c30c91f10e7eb3c8967308518e0f7488a2828ef7bc191d0d5d"},
]
sphinxcontrib-devhelp = [
    {file = "sphinxcontrib-devhelp-1.0.1.tar.gz", hash = "sha256:6c64b077937330a9128a4da74586e8c2130262f014689b4b89e2d08ee7294a34"},
    {file = "sphinxcontrib_devhelp-1.0.1-py2.py3-none-any.whl", hash = "sha256:9512ecb00a2b0821a146736b39f7aeb90759834b07e81e8cc23a9c70bacb9981"},
]
sphinxcontrib-htmlhelp = [
    {file = "sphinxcontrib-htmlhelp-1.0.3.tar.gz", hash = "sha256:e8f5bb7e31b2dbb25b9cc435c8ab7a79787ebf7f906155729338f3156d93659b"},
    {file = "sphinxcontrib_htmlhelp-1.0.3-py2.py3-none-any.whl", hash = "sha256:3c0bc24a2c41e340ac37c85ced6dafc879ab485c095b1d65d2461ac2f7cca86f"},
]
sphinxcontrib-jsmath = [
    {file = "sphinxcontrib-jsmath-1.0.1.tar.gz", hash = "sha256:a9925e4a4587247ed2191a22df5f6970656cb8ca2bd6284309578f2153e0c4b8"},
    {file = "sphinxcontrib_jsmath-1.0.1-py2.py3-none-any.whl", hash = "sha256:2ec2eaebfb78f3f2078e73666b1415417a116cc848b72e5172e596c871103178"},
]
sphinxcontrib-qthelp = [
    {file = "sphinxcontrib-qthelp-1.0.2.tar.gz", hash = "sha256:79465ce11ae5694ff165becda529a600c754f4bc459778778c7017374d4d406f"},
    {file = "sphinxcontrib_qthelp-1.0.2-py2.py3-none-any.whl", hash = "sha256:513049b93031beb1f57d4daea74068a4feb77aa5630f856fcff2e50de14e9a20"},
]
sphinxcontrib-serializinghtml = [
    {file = "sphinxcontrib-serializinghtml-1.1.3.tar.gz", hash = "sha256:c0efb33f8052c04fd7a26c0a07f1678e8512e0faec19f4aa8f2473a8b81d5227"},
    {file = "sphinxcontrib_serializinghtml-1.1.3-py2.py3-none-any.whl", hash = "sha256:db6615af393650bf1151a6cd39120c29abaf93cc60db8c48eb2dddbfdc3a9768"},
]
texttable = [
    {file = "texttable-1.6.2-py2.py3-none-any.whl", hash = "sha256:7dc282a5b22564fe0fdc1c771382d5dd9a54742047c61558e071c8cd595add86"},
    {file = "texttable-1.6.2.tar.gz", hash = "sha256:eff3703781fbc7750125f50e10f001195174f13825a92a45e9403037d539b4f4"},
]
urllib3 = [
    {file = "urllib3-1.25.8-py2.py3-none-any.whl", hash = "sha256:2f3db8b19923a873b3e5256dc9c2dedfa883e33d87c690d9c7913e1f40673cdc"},
    {file = "urllib3-1.25.8.tar.gz", hash = "sha256:87716c2d2a7121198ebcb7ce7cccf6ce5e9ba539041cfbaeecfb641dc0bf6acc"},
]
wcwidth = [
    {file = "wcwidth-0.1.8-py2.py3-none-any.whl", hash = "sha256:8fd29383f539be45b20bd4df0dc29c20ba48654a41e661925e612311e9f3c603"},
    {file = "wcwidth-0.1.8.tar.gz", hash = "sha256:f28b3e8a6483e5d49e7f8949ac1a78314e740333ae305b4ba5defd3e74fb37a8"},
]
zipp = [
    {file = "zipp-3.0.0-py3-none-any.whl", hash = "sha256:12248a63bbdf7548f89cb4c7cda4681e537031eda29c02ea29674bc6854460c2"},
    {file = "zipp-3.0.0.tar.gz", hash = "sha256:7c0f8e91abc0dc07a5068f315c52cb30c66bfbc581e5b50704c8a2f6ebae794a"},
]
